
Microsoft Visual Studio Solution File, Format Version 12.00
# Visual Studio Version 17
VisualStudioVersion = 17.5.002.0
MinimumVisualStudioVersion = 10.0.40219.1
Project("{FAE04EC0-301F-11D3-BF4B-00C04F79EFBC}") = "AJKIOT.Web", "AJKIOT.Web\AJKIOT.Web.csproj", "{F432228E-E740-436C-AAEA-F716B08AD3B7}"
EndProject
Project("{FAE04EC0-301F-11D3-BF4B-00C04F79EFBC}") = "AJKIOT.Api", "AJKIOT.Api\AJKIOT.Api.csproj", "{58A935EE-6B0C-4512-B1AF-B627DDA65B97}"
EndProject
Global
	GlobalSection(SolutionConfigurationPlatforms) = preSolution
		Debug|Any CPU = Debug|Any CPU
		Release|Any CPU = Release|Any CPU
	EndGlobalSection
	GlobalSection(ProjectConfigurationPlatforms) = postSolution
		{F432228E-E740-436C-AAEA-F716B08AD3B7}.Debug|Any CPU.ActiveCfg = Debug|Any CPU
		{F432228E-E740-436C-AAEA-F716B08AD3B7}.Debug|Any CPU.Build.0 = Debug|Any CPU
		{F432228E-E740-436C-AAEA-F716B08AD3B7}.Release|Any CPU.ActiveCfg = Release|Any CPU
		{F432228E-E740-436C-AAEA-F716B08AD3B7}.Release|Any CPU.Build.0 = Release|Any CPU
		{58A935EE-6B0C-4512-B1AF-B627DDA65B97}.Debug|Any CPU.ActiveCfg = Debug|Any CPU
		{58A935EE-6B0C-4512-B1AF-B627DDA65B97}.Debug|Any CPU.Build.0 = Debug|Any CPU
		{58A935EE-6B0C-4512-B1AF-B627DDA65B97}.Release|Any CPU.ActiveCfg = Release|Any CPU
		{58A935EE-6B0C-4512-B1AF-B627DDA65B97}.Release|Any CPU.Build.0 = Release|Any CPU
	EndGlobalSection
	GlobalSection(SolutionProperties) = preSolution
		HideSolutionNode = FALSE
	EndGlobalSection
	GlobalSection(ExtensibilityGlobals) = postSolution
		SolutionGuid = {3DBB1990-8171-4760-9EAA-8CE59670F4BF}
	EndGlobalSection
EndGlobal
