
Microsoft Visual Studio Solution File, Format Version 12.00
# Visual Studio Version 17
VisualStudioVersion = 17.5.002.0
MinimumVisualStudioVersion = 10.0.40219.1
Project("{FAE04EC0-301F-11D3-BF4B-00C04F79EFBC}") = "API", "API\API.csproj", "{30CCC5C0-3667-403D-A08C-AD65B8D1B31C}"
EndProject
Project("{FAE04EC0-301F-11D3-BF4B-00C04F79EFBC}") = "WEB", "WEB\WEB.csproj", "{97B76F79-FDB4-493A-9575-BB31907E935E}"
EndProject
Global
	GlobalSection(SolutionConfigurationPlatforms) = preSolution
		Debug|Any CPU = Debug|Any CPU
		Release|Any CPU = Release|Any CPU
	EndGlobalSection
	GlobalSection(ProjectConfigurationPlatforms) = postSolution
		{30CCC5C0-3667-403D-A08C-AD65B8D1B31C}.Debug|Any CPU.ActiveCfg = Debug|Any CPU
		{30CCC5C0-3667-403D-A08C-AD65B8D1B31C}.Debug|Any CPU.Build.0 = Debug|Any CPU
		{30CCC5C0-3667-403D-A08C-AD65B8D1B31C}.Release|Any CPU.ActiveCfg = Release|Any CPU
		{30CCC5C0-3667-403D-A08C-AD65B8D1B31C}.Release|Any CPU.Build.0 = Release|Any CPU
		{97B76F79-FDB4-493A-9575-BB31907E935E}.Debug|Any CPU.ActiveCfg = Debug|Any CPU
		{97B76F79-FDB4-493A-9575-BB31907E935E}.Debug|Any CPU.Build.0 = Debug|Any CPU
		{97B76F79-FDB4-493A-9575-BB31907E935E}.Release|Any CPU.ActiveCfg = Release|Any CPU
		{97B76F79-FDB4-493A-9575-BB31907E935E}.Release|Any CPU.Build.0 = Release|Any CPU
	EndGlobalSection
	GlobalSection(SolutionProperties) = preSolution
		HideSolutionNode = FALSE
	EndGlobalSection
	GlobalSection(ExtensibilityGlobals) = postSolution
		SolutionGuid = {3DBB1990-8171-4760-9EAA-8CE59670F4BF}
	EndGlobalSection
EndGlobal
