
Microsoft Visual Studio Solution File, Format Version 12.00
# Visual Studio Version 17
VisualStudioVersion = 17.5.002.0
MinimumVisualStudioVersion = 10.0.40219.1
Project("{9A19103F-16F7-4668-BE54-9A1E7A4F7556}") = "AJKIOT.Web", "AJKIOT.Web\AJKIOT.Web.csproj", "{F432228E-E740-436C-AAEA-F716B08AD3B7}"
EndProject
Project("{9A19103F-16F7-4668-BE54-9A1E7A4F7556}") = "AJKIOT.Api", "AJKIOT.Api\AJKIOT.Api.csproj", "{58A935EE-6B0C-4512-B1AF-B627DDA65B97}"
EndProject
Project("{9A19103F-16F7-4668-BE54-9A1E7A4F7556}") = "AJKIOT.Shared", "AJKIOT.Shared\AJKIOT.Shared.csproj", "{F54F0658-85D4-44D2-81A2-A39A401615F0}"
EndProject
Project("{FAE04EC0-301F-11D3-BF4B-00C04F79EFBC}") = "AJKIOT.Api.Tests", "AJKIOT.Api.Tests\AJKIOT.Api.Tests.csproj", "{2A509220-595E-4C1B-B14F-39494C967445}"
EndProject
Global
	GlobalSection(SolutionConfigurationPlatforms) = preSolution
		Debug|Any CPU = Debug|Any CPU
		Release|Any CPU = Release|Any CPU
	EndGlobalSection
	GlobalSection(ProjectConfigurationPlatforms) = postSolution
		{F432228E-E740-436C-AAEA-F716B08AD3B7}.Debug|Any CPU.ActiveCfg = Debug|Any CPU
		{F432228E-E740-436C-AAEA-F716B08AD3B7}.Debug|Any CPU.Build.0 = Debug|Any CPU
		{F432228E-E740-436C-AAEA-F716B08AD3B7}.Release|Any CPU.ActiveCfg = Release|Any CPU
		{F432228E-E740-436C-AAEA-F716B08AD3B7}.Release|Any CPU.Build.0 = Release|Any CPU
		{58A935EE-6B0C-4512-B1AF-B627DDA65B97}.Debug|Any CPU.ActiveCfg = Debug|Any CPU
		{58A935EE-6B0C-4512-B1AF-B627DDA65B97}.Debug|Any CPU.Build.0 = Debug|Any CPU
		{58A935EE-6B0C-4512-B1AF-B627DDA65B97}.Release|Any CPU.ActiveCfg = Release|Any CPU
		{58A935EE-6B0C-4512-B1AF-B627DDA65B97}.Release|Any CPU.Build.0 = Release|Any CPU
		{F54F0658-85D4-44D2-81A2-A39A401615F0}.Debug|Any CPU.ActiveCfg = Debug|Any CPU
		{F54F0658-85D4-44D2-81A2-A39A401615F0}.Debug|Any CPU.Build.0 = Debug|Any CPU
		{F54F0658-85D4-44D2-81A2-A39A401615F0}.Release|Any CPU.ActiveCfg = Release|Any CPU
		{F54F0658-85D4-44D2-81A2-A39A401615F0}.Release|Any CPU.Build.0 = Release|Any CPU
		{2A509220-595E-4C1B-B14F-39494C967445}.Debug|Any CPU.ActiveCfg = Debug|Any CPU
		{2A509220-595E-4C1B-B14F-39494C967445}.Debug|Any CPU.Build.0 = Debug|Any CPU
		{2A509220-595E-4C1B-B14F-39494C967445}.Release|Any CPU.ActiveCfg = Release|Any CPU
		{2A509220-595E-4C1B-B14F-39494C967445}.Release|Any CPU.Build.0 = Release|Any CPU
	EndGlobalSection
	GlobalSection(SolutionProperties) = preSolution
		HideSolutionNode = FALSE
	EndGlobalSection
	GlobalSection(ExtensibilityGlobals) = postSolution
		SolutionGuid = {3DBB1990-8171-4760-9EAA-8CE59670F4BF}
	EndGlobalSection
EndGlobal
